
Microsoft Visual Studio Solution File, Format Version 12.00
# Visual Studio Version 17
VisualStudioVersion = 17.0.31903.59
MinimumVisualStudioVersion = 10.0.40219.1
Project("{FAE04EC0-301F-11D3-BF4B-00C04F79EFBC}") = "00-Exercise", "00-Exercise\00-Exercise.csproj", "{1E2641A7-343F-4697-AAE5-2C6229182087}"
EndProject
Project("{FAE04EC0-301F-11D3-BF4B-00C04F79EFBC}") = "01-Calculator", "01-Calculator\01-Calculator.csproj", "{D2E5CDAC-BE43-46EC-BE1B-D3481796B35F}"
EndProject
Project("{FAE04EC0-301F-11D3-BF4B-00C04F79EFBC}") = "02-TodoList", "02-TodoList\02-TodoList.csproj", "{70871DDD-8AE2-4194-A587-9EA0255F313E}"
EndProject
Project("{FAE04EC0-301F-11D3-BF4B-00C04F79EFBC}") = "03-DiceRollGame", "03-DiceRollGame\03-DiceRollGame.csproj", "{6ACB4C44-42C7-4AB3-B969-160E18388D8C}"
EndProject
Project("{FAE04EC0-301F-11D3-BF4B-00C04F79EFBC}") = "04-CookieCookbook", "04-CookieCookbook\04-CookieCookbook.csproj", "{2C2C2796-B2AC-4DC0-8F76-79FEC6B0B3FB}"
EndProject
Project("{FAE04EC0-301F-11D3-BF4B-00C04F79EFBC}") = "05-GameDataParser", "05-GameDataParser\05-GameDataParser.csproj", "{C933C6B3-8A74-4E97-BAE8-1642A41756EB}"
EndProject
Project("{FAE04EC0-301F-11D3-BF4B-00C04F79EFBC}") = "06-CustomCache", "06-CustomCache\06-CustomCache.csproj", "{820A65E6-34ED-4499-B526-03D29E7A0C7A}"
EndProject
Project("{FAE04EC0-301F-11D3-BF4B-00C04F79EFBC}") = "07-CookieCookbook", "07-CookieCookbook\07-CookieCookbook.csproj", "{E336F93F-2C40-4713-A235-C0EA5056FC74}"
EndProject
Project("{FAE04EC0-301F-11D3-BF4B-00C04F79EFBC}") = "08-CSVProcessing", "08-CSVProcessing\08-CSVProcessing.csproj", "{AE66CFC4-DD64-4C60-A438-04A4D6C23CE2}"
EndProject
Project("{FAE04EC0-301F-11D3-BF4B-00C04F79EFBC}") = "09-StarWarsPlanetsStats", "09-StarWarsPlanetsStats\09-StarWarsPlanetsStats.csproj", "{9FD13124-B91F-4A86-9E4B-2BE7F7DFFA37}"
EndProject
Global
	GlobalSection(SolutionProperties) = preSolution
		HideSolutionNode = FALSE
	EndGlobalSection
	GlobalSection(SolutionConfigurationPlatforms) = preSolution
		Debug|Any CPU = Debug|Any CPU
		Debug|x64 = Debug|x64
		Debug|x86 = Debug|x86
		Release|Any CPU = Release|Any CPU
		Release|x64 = Release|x64
		Release|x86 = Release|x86
	EndGlobalSection
	GlobalSection(ProjectConfigurationPlatforms) = postSolution
		{1E2641A7-343F-4697-AAE5-2C6229182087}.Debug|Any CPU.ActiveCfg = Debug|Any CPU
		{1E2641A7-343F-4697-AAE5-2C6229182087}.Debug|Any CPU.Build.0 = Debug|Any CPU
		{1E2641A7-343F-4697-AAE5-2C6229182087}.Debug|x64.ActiveCfg = Debug|Any CPU
		{1E2641A7-343F-4697-AAE5-2C6229182087}.Debug|x64.Build.0 = Debug|Any CPU
		{1E2641A7-343F-4697-AAE5-2C6229182087}.Debug|x86.ActiveCfg = Debug|Any CPU
		{1E2641A7-343F-4697-AAE5-2C6229182087}.Debug|x86.Build.0 = Debug|Any CPU
		{1E2641A7-343F-4697-AAE5-2C6229182087}.Release|Any CPU.ActiveCfg = Release|Any CPU
		{1E2641A7-343F-4697-AAE5-2C6229182087}.Release|Any CPU.Build.0 = Release|Any CPU
		{1E2641A7-343F-4697-AAE5-2C6229182087}.Release|x64.ActiveCfg = Release|Any CPU
		{1E2641A7-343F-4697-AAE5-2C6229182087}.Release|x64.Build.0 = Release|Any CPU
		{1E2641A7-343F-4697-AAE5-2C6229182087}.Release|x86.ActiveCfg = Release|Any CPU
		{1E2641A7-343F-4697-AAE5-2C6229182087}.Release|x86.Build.0 = Release|Any CPU
		{D2E5CDAC-BE43-46EC-BE1B-D3481796B35F}.Debug|Any CPU.ActiveCfg = Debug|Any CPU
		{D2E5CDAC-BE43-46EC-BE1B-D3481796B35F}.Debug|Any CPU.Build.0 = Debug|Any CPU
		{D2E5CDAC-BE43-46EC-BE1B-D3481796B35F}.Debug|x64.ActiveCfg = Debug|Any CPU
		{D2E5CDAC-BE43-46EC-BE1B-D3481796B35F}.Debug|x64.Build.0 = Debug|Any CPU
		{D2E5CDAC-BE43-46EC-BE1B-D3481796B35F}.Debug|x86.ActiveCfg = Debug|Any CPU
		{D2E5CDAC-BE43-46EC-BE1B-D3481796B35F}.Debug|x86.Build.0 = Debug|Any CPU
		{D2E5CDAC-BE43-46EC-BE1B-D3481796B35F}.Release|Any CPU.ActiveCfg = Release|Any CPU
		{D2E5CDAC-BE43-46EC-BE1B-D3481796B35F}.Release|Any CPU.Build.0 = Release|Any CPU
		{D2E5CDAC-BE43-46EC-BE1B-D3481796B35F}.Release|x64.ActiveCfg = Release|Any CPU
		{D2E5CDAC-BE43-46EC-BE1B-D3481796B35F}.Release|x64.Build.0 = Release|Any CPU
		{D2E5CDAC-BE43-46EC-BE1B-D3481796B35F}.Release|x86.ActiveCfg = Release|Any CPU
		{D2E5CDAC-BE43-46EC-BE1B-D3481796B35F}.Release|x86.Build.0 = Release|Any CPU
		{70871DDD-8AE2-4194-A587-9EA0255F313E}.Debug|Any CPU.ActiveCfg = Debug|Any CPU
		{70871DDD-8AE2-4194-A587-9EA0255F313E}.Debug|Any CPU.Build.0 = Debug|Any CPU
		{70871DDD-8AE2-4194-A587-9EA0255F313E}.Debug|x64.ActiveCfg = Debug|Any CPU
		{70871DDD-8AE2-4194-A587-9EA0255F313E}.Debug|x64.Build.0 = Debug|Any CPU
		{70871DDD-8AE2-4194-A587-9EA0255F313E}.Debug|x86.ActiveCfg = Debug|Any CPU
		{70871DDD-8AE2-4194-A587-9EA0255F313E}.Debug|x86.Build.0 = Debug|Any CPU
		{70871DDD-8AE2-4194-A587-9EA0255F313E}.Release|Any CPU.ActiveCfg = Release|Any CPU
		{70871DDD-8AE2-4194-A587-9EA0255F313E}.Release|Any CPU.Build.0 = Release|Any CPU
		{70871DDD-8AE2-4194-A587-9EA0255F313E}.Release|x64.ActiveCfg = Release|Any CPU
		{70871DDD-8AE2-4194-A587-9EA0255F313E}.Release|x64.Build.0 = Release|Any CPU
		{70871DDD-8AE2-4194-A587-9EA0255F313E}.Release|x86.ActiveCfg = Release|Any CPU
		{70871DDD-8AE2-4194-A587-9EA0255F313E}.Release|x86.Build.0 = Release|Any CPU
		{6ACB4C44-42C7-4AB3-B969-160E18388D8C}.Debug|Any CPU.ActiveCfg = Debug|Any CPU
		{6ACB4C44-42C7-4AB3-B969-160E18388D8C}.Debug|Any CPU.Build.0 = Debug|Any CPU
		{6ACB4C44-42C7-4AB3-B969-160E18388D8C}.Debug|x64.ActiveCfg = Debug|Any CPU
		{6ACB4C44-42C7-4AB3-B969-160E18388D8C}.Debug|x64.Build.0 = Debug|Any CPU
		{6ACB4C44-42C7-4AB3-B969-160E18388D8C}.Debug|x86.ActiveCfg = Debug|Any CPU
		{6ACB4C44-42C7-4AB3-B969-160E18388D8C}.Debug|x86.Build.0 = Debug|Any CPU
		{6ACB4C44-42C7-4AB3-B969-160E18388D8C}.Release|Any CPU.ActiveCfg = Release|Any CPU
		{6ACB4C44-42C7-4AB3-B969-160E18388D8C}.Release|Any CPU.Build.0 = Release|Any CPU
		{6ACB4C44-42C7-4AB3-B969-160E18388D8C}.Release|x64.ActiveCfg = Release|Any CPU
		{6ACB4C44-42C7-4AB3-B969-160E18388D8C}.Release|x64.Build.0 = Release|Any CPU
		{6ACB4C44-42C7-4AB3-B969-160E18388D8C}.Release|x86.ActiveCfg = Release|Any CPU
		{6ACB4C44-42C7-4AB3-B969-160E18388D8C}.Release|x86.Build.0 = Release|Any CPU
		{2C2C2796-B2AC-4DC0-8F76-79FEC6B0B3FB}.Debug|Any CPU.ActiveCfg = Debug|Any CPU
		{2C2C2796-B2AC-4DC0-8F76-79FEC6B0B3FB}.Debug|Any CPU.Build.0 = Debug|Any CPU
		{2C2C2796-B2AC-4DC0-8F76-79FEC6B0B3FB}.Debug|x64.ActiveCfg = Debug|Any CPU
		{2C2C2796-B2AC-4DC0-8F76-79FEC6B0B3FB}.Debug|x64.Build.0 = Debug|Any CPU
		{2C2C2796-B2AC-4DC0-8F76-79FEC6B0B3FB}.Debug|x86.ActiveCfg = Debug|Any CPU
		{2C2C2796-B2AC-4DC0-8F76-79FEC6B0B3FB}.Debug|x86.Build.0 = Debug|Any CPU
		{2C2C2796-B2AC-4DC0-8F76-79FEC6B0B3FB}.Release|Any CPU.ActiveCfg = Release|Any CPU
		{2C2C2796-B2AC-4DC0-8F76-79FEC6B0B3FB}.Release|Any CPU.Build.0 = Release|Any CPU
		{2C2C2796-B2AC-4DC0-8F76-79FEC6B0B3FB}.Release|x64.ActiveCfg = Release|Any CPU
		{2C2C2796-B2AC-4DC0-8F76-79FEC6B0B3FB}.Release|x64.Build.0 = Release|Any CPU
		{2C2C2796-B2AC-4DC0-8F76-79FEC6B0B3FB}.Release|x86.ActiveCfg = Release|Any CPU
		{2C2C2796-B2AC-4DC0-8F76-79FEC6B0B3FB}.Release|x86.Build.0 = Release|Any CPU
		{C933C6B3-8A74-4E97-BAE8-1642A41756EB}.Debug|Any CPU.ActiveCfg = Debug|Any CPU
		{C933C6B3-8A74-4E97-BAE8-1642A41756EB}.Debug|Any CPU.Build.0 = Debug|Any CPU
		{C933C6B3-8A74-4E97-BAE8-1642A41756EB}.Debug|x64.ActiveCfg = Debug|Any CPU
		{C933C6B3-8A74-4E97-BAE8-1642A41756EB}.Debug|x64.Build.0 = Debug|Any CPU
		{C933C6B3-8A74-4E97-BAE8-1642A41756EB}.Debug|x86.ActiveCfg = Debug|Any CPU
		{C933C6B3-8A74-4E97-BAE8-1642A41756EB}.Debug|x86.Build.0 = Debug|Any CPU
		{C933C6B3-8A74-4E97-BAE8-1642A41756EB}.Release|Any CPU.ActiveCfg = Release|Any CPU
		{C933C6B3-8A74-4E97-BAE8-1642A41756EB}.Release|Any CPU.Build.0 = Release|Any CPU
		{C933C6B3-8A74-4E97-BAE8-1642A41756EB}.Release|x64.ActiveCfg = Release|Any CPU
		{C933C6B3-8A74-4E97-BAE8-1642A41756EB}.Release|x64.Build.0 = Release|Any CPU
		{C933C6B3-8A74-4E97-BAE8-1642A41756EB}.Release|x86.ActiveCfg = Release|Any CPU
		{C933C6B3-8A74-4E97-BAE8-1642A41756EB}.Release|x86.Build.0 = Release|Any CPU
		{820A65E6-34ED-4499-B526-03D29E7A0C7A}.Debug|Any CPU.ActiveCfg = Debug|Any CPU
		{820A65E6-34ED-4499-B526-03D29E7A0C7A}.Debug|Any CPU.Build.0 = Debug|Any CPU
		{820A65E6-34ED-4499-B526-03D29E7A0C7A}.Debug|x64.ActiveCfg = Debug|Any CPU
		{820A65E6-34ED-4499-B526-03D29E7A0C7A}.Debug|x64.Build.0 = Debug|Any CPU
		{820A65E6-34ED-4499-B526-03D29E7A0C7A}.Debug|x86.ActiveCfg = Debug|Any CPU
		{820A65E6-34ED-4499-B526-03D29E7A0C7A}.Debug|x86.Build.0 = Debug|Any CPU
		{820A65E6-34ED-4499-B526-03D29E7A0C7A}.Release|Any CPU.ActiveCfg = Release|Any CPU
		{820A65E6-34ED-4499-B526-03D29E7A0C7A}.Release|Any CPU.Build.0 = Release|Any CPU
		{820A65E6-34ED-4499-B526-03D29E7A0C7A}.Release|x64.ActiveCfg = Release|Any CPU
		{820A65E6-34ED-4499-B526-03D29E7A0C7A}.Release|x64.Build.0 = Release|Any CPU
		{820A65E6-34ED-4499-B526-03D29E7A0C7A}.Release|x86.ActiveCfg = Release|Any CPU
		{820A65E6-34ED-4499-B526-03D29E7A0C7A}.Release|x86.Build.0 = Release|Any CPU
		{E336F93F-2C40-4713-A235-C0EA5056FC74}.Debug|Any CPU.ActiveCfg = Debug|Any CPU
		{E336F93F-2C40-4713-A235-C0EA5056FC74}.Debug|Any CPU.Build.0 = Debug|Any CPU
		{E336F93F-2C40-4713-A235-C0EA5056FC74}.Debug|x64.ActiveCfg = Debug|Any CPU
		{E336F93F-2C40-4713-A235-C0EA5056FC74}.Debug|x64.Build.0 = Debug|Any CPU
		{E336F93F-2C40-4713-A235-C0EA5056FC74}.Debug|x86.ActiveCfg = Debug|Any CPU
		{E336F93F-2C40-4713-A235-C0EA5056FC74}.Debug|x86.Build.0 = Debug|Any CPU
		{E336F93F-2C40-4713-A235-C0EA5056FC74}.Release|Any CPU.ActiveCfg = Release|Any CPU
		{E336F93F-2C40-4713-A235-C0EA5056FC74}.Release|Any CPU.Build.0 = Release|Any CPU
		{E336F93F-2C40-4713-A235-C0EA5056FC74}.Release|x64.ActiveCfg = Release|Any CPU
		{E336F93F-2C40-4713-A235-C0EA5056FC74}.Release|x64.Build.0 = Release|Any CPU
		{E336F93F-2C40-4713-A235-C0EA5056FC74}.Release|x86.ActiveCfg = Release|Any CPU
		{E336F93F-2C40-4713-A235-C0EA5056FC74}.Release|x86.Build.0 = Release|Any CPU
		{AE66CFC4-DD64-4C60-A438-04A4D6C23CE2}.Debug|Any CPU.ActiveCfg = Debug|Any CPU
		{AE66CFC4-DD64-4C60-A438-04A4D6C23CE2}.Debug|Any CPU.Build.0 = Debug|Any CPU
		{AE66CFC4-DD64-4C60-A438-04A4D6C23CE2}.Debug|x64.ActiveCfg = Debug|Any CPU
		{AE66CFC4-DD64-4C60-A438-04A4D6C23CE2}.Debug|x64.Build.0 = Debug|Any CPU
		{AE66CFC4-DD64-4C60-A438-04A4D6C23CE2}.Debug|x86.ActiveCfg = Debug|Any CPU
		{AE66CFC4-DD64-4C60-A438-04A4D6C23CE2}.Debug|x86.Build.0 = Debug|Any CPU
		{AE66CFC4-DD64-4C60-A438-04A4D6C23CE2}.Release|Any CPU.ActiveCfg = Release|Any CPU
		{AE66CFC4-DD64-4C60-A438-04A4D6C23CE2}.Release|Any CPU.Build.0 = Release|Any CPU
		{AE66CFC4-DD64-4C60-A438-04A4D6C23CE2}.Release|x64.ActiveCfg = Release|Any CPU
		{AE66CFC4-DD64-4C60-A438-04A4D6C23CE2}.Release|x64.Build.0 = Release|Any CPU
		{AE66CFC4-DD64-4C60-A438-04A4D6C23CE2}.Release|x86.ActiveCfg = Release|Any CPU
		{AE66CFC4-DD64-4C60-A438-04A4D6C23CE2}.Release|x86.Build.0 = Release|Any CPU
		{9FD13124-B91F-4A86-9E4B-2BE7F7DFFA37}.Debug|Any CPU.ActiveCfg = Debug|Any CPU
		{9FD13124-B91F-4A86-9E4B-2BE7F7DFFA37}.Debug|Any CPU.Build.0 = Debug|Any CPU
		{9FD13124-B91F-4A86-9E4B-2BE7F7DFFA37}.Debug|x64.ActiveCfg = Debug|Any CPU
		{9FD13124-B91F-4A86-9E4B-2BE7F7DFFA37}.Debug|x64.Build.0 = Debug|Any CPU
		{9FD13124-B91F-4A86-9E4B-2BE7F7DFFA37}.Debug|x86.ActiveCfg = Debug|Any CPU
		{9FD13124-B91F-4A86-9E4B-2BE7F7DFFA37}.Debug|x86.Build.0 = Debug|Any CPU
		{9FD13124-B91F-4A86-9E4B-2BE7F7DFFA37}.Release|Any CPU.ActiveCfg = Release|Any CPU
		{9FD13124-B91F-4A86-9E4B-2BE7F7DFFA37}.Release|Any CPU.Build.0 = Release|Any CPU
		{9FD13124-B91F-4A86-9E4B-2BE7F7DFFA37}.Release|x64.ActiveCfg = Release|Any CPU
		{9FD13124-B91F-4A86-9E4B-2BE7F7DFFA37}.Release|x64.Build.0 = Release|Any CPU
		{9FD13124-B91F-4A86-9E4B-2BE7F7DFFA37}.Release|x86.ActiveCfg = Release|Any CPU
		{9FD13124-B91F-4A86-9E4B-2BE7F7DFFA37}.Release|x86.Build.0 = Release|Any CPU
	EndGlobalSection
EndGlobal
